
Microsoft Visual Studio Solution File, Format Version 12.00
# Visual Studio Version 17
VisualStudioVersion = 17.7.34024.191
MinimumVisualStudioVersion = 10.0.40219.1
Project("{FAE04EC0-301F-11D3-BF4B-00C04F79EFBC}") = "Hangman", "Hangman\Hangman.csproj", "{7778CB55-83FB-46B2-8904-C6DBE8DE4E14}"
EndProject
Global
	GlobalSection(SolutionConfigurationPlatforms) = preSolution
		Debug|Any CPU = Debug|Any CPU
		Release|Any CPU = Release|Any CPU
	EndGlobalSection
	GlobalSection(ProjectConfigurationPlatforms) = postSolution
		{7778CB55-83FB-46B2-8904-C6DBE8DE4E14}.Debug|Any CPU.ActiveCfg = Debug|Any CPU
		{7778CB55-83FB-46B2-8904-C6DBE8DE4E14}.Debug|Any CPU.Build.0 = Debug|Any CPU
		{7778CB55-83FB-46B2-8904-C6DBE8DE4E14}.Release|Any CPU.ActiveCfg = Release|Any CPU
		{7778CB55-83FB-46B2-8904-C6DBE8DE4E14}.Release|Any CPU.Build.0 = Release|Any CPU
	EndGlobalSection
	GlobalSection(SolutionProperties) = preSolution
		HideSolutionNode = FALSE
	EndGlobalSection
	GlobalSection(ExtensibilityGlobals) = postSolution
		SolutionGuid = {8F232561-1CC2-452A-8651-05ADB89164CE}
	EndGlobalSection
EndGlobal
